Microsoft Visual Studio Solution File, Format Version 12.00
# Visual Studio Version 17
VisualStudioVersion = 17.5.2.0
MinimumVisualStudioVersion = 10.0.40219.1
Project("{FAE04EC0-301F-11D3-BF4B-00C04F79EFBC}") = "Lbm", "Lbm.csproj", "{ACC7CA37-ACC2-2216-B63D-E9D91D771F04}"
EndProject
Global
	GlobalSection(SolutionConfigurationPlatforms) = preSolution
		Debug|Any CPU = Debug|Any CPU
		Release|Any CPU = Release|Any CPU
	EndGlobalSection
	GlobalSection(ProjectConfigurationPlatforms) = postSolution
		{ACC7CA37-ACC2-2216-B63D-E9D91D771F04}.Debug|Any CPU.ActiveCfg = Debug|Any CPU
		{ACC7CA37-ACC2-2216-B63D-E9D91D771F04}.Debug|Any CPU.Build.0 = Debug|Any CPU
		{ACC7CA37-ACC2-2216-B63D-E9D91D771F04}.Release|Any CPU.ActiveCfg = Release|Any CPU
		{ACC7CA37-ACC2-2216-B63D-E9D91D771F04}.Release|Any CPU.Build.0 = Release|Any CPU
	EndGlobalSection
	GlobalSection(SolutionProperties) = preSolution
		HideSolutionNode = FALSE
	EndGlobalSection
	GlobalSection(ExtensibilityGlobals) = postSolution
		SolutionGuid = {C5B088EB-8CE3-41AE-9E9A-9BBB7A1C623C}
	EndGlobalSection
EndGlobal
