Microsoft Visual Studio Solution File, Format Version 12.00
# Visual Studio Version 17
VisualStudioVersion = 17.5.2.0
MinimumVisualStudioVersion = 10.0.40219.1
Project("{FAE04EC0-301F-11D3-BF4B-00C04F79EFBC}") = "EmployeeSalary", "EmployeeSalary.csproj", "{208FF1F8-FD04-61BE-682B-8D58799FF622}"
EndProject
Global
	GlobalSection(SolutionConfigurationPlatforms) = preSolution
		Debug|Any CPU = Debug|Any CPU
		Release|Any CPU = Release|Any CPU
	EndGlobalSection
	GlobalSection(ProjectConfigurationPlatforms) = postSolution
		{208FF1F8-FD04-61BE-682B-8D58799FF622}.Debug|Any CPU.ActiveCfg = Debug|Any CPU
		{208FF1F8-FD04-61BE-682B-8D58799FF622}.Debug|Any CPU.Build.0 = Debug|Any CPU
		{208FF1F8-FD04-61BE-682B-8D58799FF622}.Release|Any CPU.ActiveCfg = Release|Any CPU
		{208FF1F8-FD04-61BE-682B-8D58799FF622}.Release|Any CPU.Build.0 = Release|Any CPU
	EndGlobalSection
	GlobalSection(SolutionProperties) = preSolution
		HideSolutionNode = FALSE
	EndGlobalSection
	GlobalSection(ExtensibilityGlobals) = postSolution
		SolutionGuid = {1BA6475F-AA98-4922-A814-99B7957968E7}
	EndGlobalSection
EndGlobal
